
Microsoft Visual Studio Solution File, Format Version 12.00
# Visual Studio Version 17
VisualStudioVersion = 17.6.33829.357
MinimumVisualStudioVersion = 10.0.40219.1
Project("{9A19103F-16F7-4668-BE54-9A1E7A4F7556}") = "TrenIstasyonlari", "TrenIstasyonlari\TrenIstasyonlari.csproj", "{334D3688-BBAD-4C40-A3C4-1AC609AA8B7B}"
EndProject
Project("{FAE04EC0-301F-11D3-BF4B-00C04F79EFBC}") = "TrenIstasyonlari.Business", "TrenIstasyonlari.Business\TrenIstasyonlari.Business.csproj", "{A1F4D225-63AB-4068-B472-C26B88AB53A4}"
EndProject
Project("{FAE04EC0-301F-11D3-BF4B-00C04F79EFBC}") = "TrenIstasyonlar.DataAccess", "TrenIstasyonlar.DataAccess\TrenIstasyonlar.DataAccess.csproj", "{49A8ADE9-C4ED-4AC5-B2BD-B11272E32BE5}"
EndProject
Global
	GlobalSection(SolutionConfigurationPlatforms) = preSolution
		Debug|Any CPU = Debug|Any CPU
		Release|Any CPU = Release|Any CPU
	EndGlobalSection
	GlobalSection(ProjectConfigurationPlatforms) = postSolution
		{334D3688-BBAD-4C40-A3C4-1AC609AA8B7B}.Debug|Any CPU.ActiveCfg = Debug|Any CPU
		{334D3688-BBAD-4C40-A3C4-1AC609AA8B7B}.Debug|Any CPU.Build.0 = Debug|Any CPU
		{334D3688-BBAD-4C40-A3C4-1AC609AA8B7B}.Release|Any CPU.ActiveCfg = Release|Any CPU
		{334D3688-BBAD-4C40-A3C4-1AC609AA8B7B}.Release|Any CPU.Build.0 = Release|Any CPU
		{A1F4D225-63AB-4068-B472-C26B88AB53A4}.Debug|Any CPU.ActiveCfg = Debug|Any CPU
		{A1F4D225-63AB-4068-B472-C26B88AB53A4}.Debug|Any CPU.Build.0 = Debug|Any CPU
		{A1F4D225-63AB-4068-B472-C26B88AB53A4}.Release|Any CPU.ActiveCfg = Release|Any CPU
		{A1F4D225-63AB-4068-B472-C26B88AB53A4}.Release|Any CPU.Build.0 = Release|Any CPU
		{49A8ADE9-C4ED-4AC5-B2BD-B11272E32BE5}.Debug|Any CPU.ActiveCfg = Debug|Any CPU
		{49A8ADE9-C4ED-4AC5-B2BD-B11272E32BE5}.Debug|Any CPU.Build.0 = Debug|Any CPU
		{49A8ADE9-C4ED-4AC5-B2BD-B11272E32BE5}.Release|Any CPU.ActiveCfg = Release|Any CPU
		{49A8ADE9-C4ED-4AC5-B2BD-B11272E32BE5}.Release|Any CPU.Build.0 = Release|Any CPU
	EndGlobalSection
	GlobalSection(SolutionProperties) = preSolution
		HideSolutionNode = FALSE
	EndGlobalSection
	GlobalSection(ExtensibilityGlobals) = postSolution
		SolutionGuid = {E39F04EF-E119-4A70-B7C6-0CA2BCF6EA51}
	EndGlobalSection
EndGlobal
